
Microsoft Visual Studio Solution File, Format Version 12.00
# Visual Studio Version 17
VisualStudioVersion = 17.4.33110.190
MinimumVisualStudioVersion = 10.0.40219.1
Project("{FAE04EC0-301F-11D3-BF4B-00C04F79EFBC}") = "3", "3.csproj", "{24AC6DC6-E054-41F1-B454-15CA8A50B15E}"
EndProject
Global
	GlobalSection(SolutionConfigurationPlatforms) = preSolution
		Debug|Any CPU = Debug|Any CPU
		Release|Any CPU = Release|Any CPU
	EndGlobalSection
	GlobalSection(ProjectConfigurationPlatforms) = postSolution
		{24AC6DC6-E054-41F1-B454-15CA8A50B15E}.Debug|Any CPU.ActiveCfg = Debug|Any CPU
		{24AC6DC6-E054-41F1-B454-15CA8A50B15E}.Debug|Any CPU.Build.0 = Debug|Any CPU
		{24AC6DC6-E054-41F1-B454-15CA8A50B15E}.Release|Any CPU.ActiveCfg = Release|Any CPU
		{24AC6DC6-E054-41F1-B454-15CA8A50B15E}.Release|Any CPU.Build.0 = Release|Any CPU
	EndGlobalSection
	GlobalSection(SolutionProperties) = preSolution
		HideSolutionNode = FALSE
	EndGlobalSection
	GlobalSection(ExtensibilityGlobals) = postSolution
		SolutionGuid = {4B9AEFEA-F1CF-43B1-AF09-AFFA4BC45BA3}
	EndGlobalSection
EndGlobal
